// !$*UTF8*$!
{
	archiveVersion = 1;
	classes = {
	};
	objectVersion = 77;
	objects = {

/* Begin PBXBuildFile section */
		20206F6F2D8904F700E04710 /* Tabstract Extension.appex in Embed Foundation Extensions */ = {isa = PBXBuildFile; fileRef = 20206F6E2D8904F700E04710 /* Tabstract Extension.appex */; settings = {ATTRIBUTES = (RemoveHeadersOnCopy, ); }; };
		203C84B82F5B8D05003112A8 /* Tabstract iOS Extension.appex in Embed Foundation Extensions */ = {isa = PBXBuildFile; fileRef = 203C84B72F5B8D05003112A8 /* Tabstract iOS Extension.appex */; settings = {ATTRIBUTES = (RemoveHeadersOnCopy, ); }; };
		203C84F12F5B8F3A003112A8 /* CloudKit.framework in Frameworks */ = {isa = PBXBuildFile; fileRef = 203C84F02F5B8F3A003112A8 /* CloudKit.framework */; };
		2050451B2E8F3F6E003CBF1B /* FoundationModels.framework in Frameworks */ = {isa = PBXBuildFile; fileRef = 2050451A2E8F3F6E003CBF1B /* FoundationModels.framework */; };
/* End PBXBuildFile section */

/* Begin PBXBuildRule section */
		209811D52D8E72A200BCD3D4 /* PBXBuildRule */ = {
			isa = PBXBuildRule;
			compilerSpec = com.apple.compilers.proxy.script;
			fileType = pattern.proxy;
			inputFiles = (
			);
			isEditable = 1;
			outputFiles = (
			);
			script = "# Type a script or drag a script file from your workspace to insert its path.\n";
		};
/* End PBXBuildRule section */

/* Begin PBXContainerItemProxy section */
		20206F702D8904F700E04710 /* PBXContainerItemProxy */ = {
			isa = PBXContainerItemProxy;
			containerPortal = 20206F4A2D8904F600E04710 /* Project object */;
			proxyType = 1;
			remoteGlobalIDString = 20206F6D2D8904F700E04710;
			remoteInfo = "Tabstract Extension";
		};
		203C84B92F5B8D05003112A8 /* PBXContainerItemProxy */ = {
			isa = PBXContainerItemProxy;
			containerPortal = 20206F4A2D8904F600E04710 /* Project object */;
			proxyType = 1;
			remoteGlobalIDString = 203C84B62F5B8D05003112A8;
			remoteInfo = "Tabstract iOS Extension";
		};
/* End PBXContainerItemProxy section */

/* Begin PBXCopyFilesBuildPhase section */
		20206F8E2D8904F700E04710 /* Embed Foundation Extensions */ = {
			isa = PBXCopyFilesBuildPhase;
			buildActionMask = 2147483647;
			dstPath = "";
			dstSubfolderSpec = 13;
			files = (
				20206F6F2D8904F700E04710 /* Tabstract Extension.appex in Embed Foundation Extensions */,
			);
			name = "Embed Foundation Extensions";
			runOnlyForDeploymentPostprocessing = 0;
		};
		203C84D62F5B8D05003112A8 /* Embed Foundation Extensions */ = {
			isa = PBXCopyFilesBuildPhase;
			buildActionMask = 2147483647;
			dstPath = "";
			dstSubfolderSpec = 13;
			files = (
				203C84B82F5B8D05003112A8 /* Tabstract iOS Extension.appex in Embed Foundation Extensions */,
			);
			name = "Embed Foundation Extensions";
			runOnlyForDeploymentPostprocessing = 0;
		};
/* End PBXCopyFilesBuildPhase section */

/* Begin PBXFileReference section */
		20206F522D8904F600E04710 /* Tabstract.app */ = {isa = PBXFileReference; explicitFileType = wrapper.application; includeInIndex = 0; path = Tabstract.app; sourceTree = BUILT_PRODUCTS_DIR; };
		20206F6E2D8904F700E04710 /* Tabstract Extension.appex */ = {isa = PBXFileReference; explicitFileType = "wrapper.app-extension"; includeInIndex = 0; path = "Tabstract Extension.appex"; sourceTree = BUILT_PRODUCTS_DIR; };
		203C849B2F5B8D04003112A8 /* Tabstract iOS.app */ = {isa = PBXFileReference; explicitFileType = wrapper.application; includeInIndex = 0; path = "Tabstract iOS.app"; sourceTree = BUILT_PRODUCTS_DIR; };
		203C84B72F5B8D05003112A8 /* Tabstract iOS Extension.appex */ = {isa = PBXFileReference; explicitFileType = "wrapper.app-extension"; includeInIndex = 0; path = "Tabstract iOS Extension.appex"; sourceTree = BUILT_PRODUCTS_DIR; };
		203C84F02F5B8F3A003112A8 /* CloudKit.framework */ = {isa = PBXFileReference; lastKnownFileType = wrapper.framework; name = CloudKit.framework; path = Platforms/iPhoneOS.platform/Developer/SDKs/iPhoneOS26.2.sdk/System/Library/Frameworks/CloudKit.framework; sourceTree = DEVELOPER_DIR; };
		2050451A2E8F3F6E003CBF1B /* FoundationModels.framework */ = {isa = PBXFileReference; lastKnownFileType = wrapper.framework; name = FoundationModels.framework; path = System/Library/Frameworks/FoundationModels.framework; sourceTree = SDKROOT; };
/* End PBXFileReference section */

/* Begin PBXFileSystemSynchronizedBuildFileExceptionSet section */
		20206F882D8904F700E04710 /* Exceptions for "Tabstract Extension" folder in "Tabstract Extension" target */ = {
			isa = PBXFileSystemSynchronizedBuildFileExceptionSet;
			membershipExceptions = (
				Info.plist,
			);
			target = 20206F6D2D8904F700E04710 /* Tabstract Extension */;
		};
		203C84D12F5B8D05003112A8 /* Exceptions for "Tabstract iOS" folder in "Tabstract iOS" target */ = {
			isa = PBXFileSystemSynchronizedBuildFileExceptionSet;
			membershipExceptions = (
				Info.plist,
			);
			target = 203C849A2F5B8D04003112A8 /* Tabstract iOS */;
		};
		203C84D52F5B8D05003112A8 /* Exceptions for "Tabstract iOS Extension" folder in "Tabstract iOS Extension" target */ = {
			isa = PBXFileSystemSynchronizedBuildFileExceptionSet;
			membershipExceptions = (
				Info.plist,
			);
			target = 203C84B62F5B8D05003112A8 /* Tabstract iOS Extension */;
		};
		203C84E72F5B8E2D003112A8 /* Exceptions for "Tabstract Extension" folder in "Tabstract iOS Extension" target */ = {
			isa = PBXFileSystemSynchronizedBuildFileExceptionSet;
			membershipExceptions = (
				CloudKitSyncEngine.swift,
				Resources/_locales,
				Resources/background.js,
				Resources/content.js,
				Resources/i18n.js,
				Resources/images,
				Resources/preload.js,
				SafariWebExtensionHandler.swift,
			);
			target = 203C84B62F5B8D05003112A8 /* Tabstract iOS Extension */;
		};
/* End PBXFileSystemSynchronizedBuildFileExceptionSet section */

/* Begin PBXFileSystemSynchronizedRootGroup section */
		20206F542D8904F600E04710 /* Tabstract */ = {
			isa = PBXFileSystemSynchronizedRootGroup;
			path = Tabstract;
			sourceTree = "<group>";
		};
		20206F722D8904F700E04710 /* Tabstract Extension */ = {
			isa = PBXFileSystemSynchronizedRootGroup;
			exceptions = (
				20206F882D8904F700E04710 /* Exceptions for "Tabstract Extension" folder in "Tabstract Extension" target */,
				203C84E72F5B8E2D003112A8 /* Exceptions for "Tabstract Extension" folder in "Tabstract iOS Extension" target */,
			);
			explicitFolders = (
				Resources/_locales,
				Resources/images,
			);
			path = "Tabstract Extension";
			sourceTree = "<group>";
		};
		203C849C2F5B8D04003112A8 /* Tabstract iOS */ = {
			isa = PBXFileSystemSynchronizedRootGroup;
			exceptions = (
				203C84D12F5B8D05003112A8 /* Exceptions for "Tabstract iOS" folder in "Tabstract iOS" target */,
			);
			path = "Tabstract iOS";
			sourceTree = "<group>";
		};
		203C84BB2F5B8D05003112A8 /* Tabstract iOS Extension */ = {
			isa = PBXFileSystemSynchronizedRootGroup;
			exceptions = (
				203C84D52F5B8D05003112A8 /* Exceptions for "Tabstract iOS Extension" folder in "Tabstract iOS Extension" target */,
			);
			path = "Tabstract iOS Extension";
			sourceTree = "<group>";
		};
/* End PBXFileSystemSynchronizedRootGroup section */

/* Begin PBXFrameworksBuildPhase section */
		20206F4F2D8904F600E04710 /* Frameworks */ = {
			isa = PBXFrameworksBuildPhase;
			buildActionMask = 2147483647;
			files = (
			);
			runOnlyForDeploymentPostprocessing = 0;
		};
		20206F6B2D8904F700E04710 /* Frameworks */ = {
			isa = PBXFrameworksBuildPhase;
			buildActionMask = 2147483647;
			files = (
				2050451B2E8F3F6E003CBF1B /* FoundationModels.framework in Frameworks */,
			);
			runOnlyForDeploymentPostprocessing = 0;
		};
		203C84982F5B8D04003112A8 /* Frameworks */ = {
			isa = PBXFrameworksBuildPhase;
			buildActionMask = 2147483647;
			files = (
			);
			runOnlyForDeploymentPostprocessing = 0;
		};
		203C84B42F5B8D05003112A8 /* Frameworks */ = {
			isa = PBXFrameworksBuildPhase;
			buildActionMask = 2147483647;
			files = (
				203C84F12F5B8F3A003112A8 /* CloudKit.framework in Frameworks */,
			);
			runOnlyForDeploymentPostprocessing = 0;
		};
/* End PBXFrameworksBuildPhase section */

/* Begin PBXGroup section */
		20206F492D8904F600E04710 = {
			isa = PBXGroup;
			children = (
				20206F542D8904F600E04710 /* Tabstract */,
				20206F722D8904F700E04710 /* Tabstract Extension */,
				203C849C2F5B8D04003112A8 /* Tabstract iOS */,
				203C84BB2F5B8D05003112A8 /* Tabstract iOS Extension */,
				205045192E8F3F6D003CBF1B /* Frameworks */,
				20206F532D8904F600E04710 /* Products */,
			);
			sourceTree = "<group>";
		};
		20206F532D8904F600E04710 /* Products */ = {
			isa = PBXGroup;
			children = (
				20206F522D8904F600E04710 /* Tabstract.app */,
				20206F6E2D8904F700E04710 /* Tabstract Extension.appex */,
				203C849B2F5B8D04003112A8 /* Tabstract iOS.app */,
				203C84B72F5B8D05003112A8 /* Tabstract iOS Extension.appex */,
			);
			name = Products;
			sourceTree = "<group>";
		};
		205045192E8F3F6D003CBF1B /* Frameworks */ = {
			isa = PBXGroup;
			children = (
				203C84F02F5B8F3A003112A8 /* CloudKit.framework */,
				2050451A2E8F3F6E003CBF1B /* FoundationModels.framework */,
			);
			name = Frameworks;
			sourceTree = "<group>";
		};
/* End PBXGroup section */

/* Begin PBXNativeTarget section */
		20206F512D8904F600E04710 /* Tabstract */ = {
			isa = PBXNativeTarget;
			buildConfigurationList = 20206F8F2D8904F700E04710 /* Build configuration list for PBXNativeTarget "Tabstract" */;
			buildPhases = (
				20206F4E2D8904F600E04710 /* Sources */,
				20206F4F2D8904F600E04710 /* Frameworks */,
				20206F502D8904F600E04710 /* Resources */,
				20206F8E2D8904F700E04710 /* Embed Foundation Extensions */,
			);
			buildRules = (
				209811D52D8E72A200BCD3D4 /* PBXBuildRule */,
			);
			dependencies = (
				20206F712D8904F700E04710 /* PBXTargetDependency */,
			);
			fileSystemSynchronizedGroups = (
				20206F542D8904F600E04710 /* Tabstract */,
			);
			name = Tabstract;
			packageProductDependencies = (
			);
			productName = Tabstract;
			productReference = 20206F522D8904F600E04710 /* Tabstract.app */;
			productType = "com.apple.product-type.application";
		};
		20206F6D2D8904F700E04710 /* Tabstract Extension */ = {
			isa = PBXNativeTarget;
			buildConfigurationList = 20206F892D8904F700E04710 /* Build configuration list for PBXNativeTarget "Tabstract Extension" */;
			buildPhases = (
				20206F6A2D8904F700E04710 /* Sources */,
				20206F6B2D8904F700E04710 /* Frameworks */,
				20206F6C2D8904F700E04710 /* Resources */,
			);
			buildRules = (
			);
			dependencies = (
			);
			fileSystemSynchronizedGroups = (
				20206F722D8904F700E04710 /* Tabstract Extension */,
			);
			name = "Tabstract Extension";
			packageProductDependencies = (
			);
			productName = "Tabstract Extension";
			productReference = 20206F6E2D8904F700E04710 /* Tabstract Extension.appex */;
			productType = "com.apple.product-type.app-extension";
		};
		203C849A2F5B8D04003112A8 /* Tabstract iOS */ = {
			isa = PBXNativeTarget;
			buildConfigurationList = 203C84D72F5B8D05003112A8 /* Build configuration list for PBXNativeTarget "Tabstract iOS" */;
			buildPhases = (
				203C84972F5B8D04003112A8 /* Sources */,
				203C84982F5B8D04003112A8 /* Frameworks */,
				203C84992F5B8D04003112A8 /* Resources */,
				203C84D62F5B8D05003112A8 /* Embed Foundation Extensions */,
			);
			buildRules = (
			);
			dependencies = (
				203C84BA2F5B8D05003112A8 /* PBXTargetDependency */,
			);
			fileSystemSynchronizedGroups = (
				203C849C2F5B8D04003112A8 /* Tabstract iOS */,
			);
			name = "Tabstract iOS";
			packageProductDependencies = (
			);
			productName = "Tabstract iOS";
			productReference = 203C849B2F5B8D04003112A8 /* Tabstract iOS.app */;
			productType = "com.apple.product-type.application";
		};
		203C84B62F5B8D05003112A8 /* Tabstract iOS Extension */ = {
			isa = PBXNativeTarget;
			buildConfigurationList = 203C84D22F5B8D05003112A8 /* Build configuration list for PBXNativeTarget "Tabstract iOS Extension" */;
			buildPhases = (
				203C84B32F5B8D05003112A8 /* Sources */,
				203C84B42F5B8D05003112A8 /* Frameworks */,
				203C84B52F5B8D05003112A8 /* Resources */,
			);
			buildRules = (
			);
			dependencies = (
			);
			fileSystemSynchronizedGroups = (
				203C84BB2F5B8D05003112A8 /* Tabstract iOS Extension */,
			);
			name = "Tabstract iOS Extension";
			packageProductDependencies = (
			);
			productName = "Tabstract iOS Extension";
			productReference = 203C84B72F5B8D05003112A8 /* Tabstract iOS Extension.appex */;
			productType = "com.apple.product-type.app-extension";
		};
/* End PBXNativeTarget section */

/* Begin PBXProject section */
		20206F4A2D8904F600E04710 /* Project object */ = {
			isa = PBXProject;
			attributes = {
				BuildIndependentTargetsInParallel = 1;
				LastSwiftUpdateCheck = 2630;
				LastUpgradeCheck = 2610;
				TargetAttributes = {
					20206F512D8904F600E04710 = {
						CreatedOnToolsVersion = 16.2;
					};
					20206F6D2D8904F700E04710 = {
						CreatedOnToolsVersion = 16.2;
					};
					203C849A2F5B8D04003112A8 = {
						CreatedOnToolsVersion = 26.3;
					};
					203C84B62F5B8D05003112A8 = {
						CreatedOnToolsVersion = 26.3;
					};
				};
			};
			buildConfigurationList = 20206F4D2D8904F600E04710 /* Build configuration list for PBXProject "Tabstract" */;
			developmentRegion = en;
			hasScannedForEncodings = 0;
			knownRegions = (
				en,
				Base,
				"zh-Hans",
				"zh-Hant",
				de,
				"fr-CA",
				fr,
				ru,
				ar,
				es,
				ko,
				sv,
				nl,
				"pt-BR",
				ja,
				"pt-PT",
				it,
				da,
				vi,
				tr,
				nb,
				"es-419",
			);
			mainGroup = 20206F492D8904F600E04710;
			minimizedProjectReferenceProxies = 1;
			preferredProjectObjectVersion = 77;
			productRefGroup = 20206F532D8904F600E04710 /* Products */;
			projectDirPath = "";
			projectRoot = "";
			targets = (
				20206F512D8904F600E04710 /* Tabstract */,
				20206F6D2D8904F700E04710 /* Tabstract Extension */,
				203C849A2F5B8D04003112A8 /* Tabstract iOS */,
				203C84B62F5B8D05003112A8 /* Tabstract iOS Extension */,
			);
		};
/* End PBXProject section */

/* Begin PBXResourcesBuildPhase section */
		20206F502D8904F600E04710 /* Resources */ = {
			isa = PBXResourcesBuildPhase;
			buildActionMask = 2147483647;
			files = (
			);
			runOnlyForDeploymentPostprocessing = 0;
		};
		20206F6C2D8904F700E04710 /* Resources */ = {
			isa = PBXResourcesBuildPhase;
			buildActionMask = 2147483647;
			files = (
			);
			runOnlyForDeploymentPostprocessing = 0;
		};
		203C84992F5B8D04003112A8 /* Resources */ = {
			isa = PBXResourcesBuildPhase;
			buildActionMask = 2147483647;
			files = (
			);
			runOnlyForDeploymentPostprocessing = 0;
		};
		203C84B52F5B8D05003112A8 /* Resources */ = {
			isa = PBXResourcesBuildPhase;
			buildActionMask = 2147483647;
			files = (
			);
			runOnlyForDeploymentPostprocessing = 0;
		};
/* End PBXResourcesBuildPhase section */

/* Begin PBXSourcesBuildPhase section */
		20206F4E2D8904F600E04710 /* Sources */ = {
			isa = PBXSourcesBuildPhase;
			buildActionMask = 2147483647;
			files = (
			);
			runOnlyForDeploymentPostprocessing = 0;
		};
		20206F6A2D8904F700E04710 /* Sources */ = {
			isa = PBXSourcesBuildPhase;
			buildActionMask = 2147483647;
			files = (
			);
			runOnlyForDeploymentPostprocessing = 0;
		};
		203C84972F5B8D04003112A8 /* Sources */ = {
			isa = PBXSourcesBuildPhase;
			buildActionMask = 2147483647;
			files = (
			);
			runOnlyForDeploymentPostprocessing = 0;
		};
		203C84B32F5B8D05003112A8 /* Sources */ = {
			isa = PBXSourcesBuildPhase;
			buildActionMask = 2147483647;
			files = (
			);
			runOnlyForDeploymentPostprocessing = 0;
		};
/* End PBXSourcesBuildPhase section */

/* Begin PBXTargetDependency section */
		20206F712D8904F700E04710 /* PBXTargetDependency */ = {
			isa = PBXTargetDependency;
			target = 20206F6D2D8904F700E04710 /* Tabstract Extension */;
			targetProxy = 20206F702D8904F700E04710 /* PBXContainerItemProxy */;
		};
		203C84BA2F5B8D05003112A8 /* PBXTargetDependency */ = {
			isa = PBXTargetDependency;
			target = 203C84B62F5B8D05003112A8 /* Tabstract iOS Extension */;
			targetProxy = 203C84B92F5B8D05003112A8 /* PBXContainerItemProxy */;
		};
/* End PBXTargetDependency section */

/* Begin XCBuildConfiguration section */
		20206F8A2D8904F700E04710 /* Debug */ = {
			isa = XCBuildConfiguration;
			buildSettings = {
				CODE_SIGN_ENTITLEMENTS = "Tabstract Extension/Tabstract_Extension.entitlements";
				CODE_SIGN_STYLE = Automatic;
				CURRENT_PROJECT_VERSION = 30;
				DEAD_CODE_STRIPPING = YES;
				ENABLE_APP_SANDBOX = YES;
				ENABLE_HARDENED_RUNTIME = YES;
				ENABLE_USER_SELECTED_FILES = readonly;
				GENERATE_INFOPLIST_FILE = YES;
				INFOPLIST_FILE = "Tabstract Extension/Info.plist";
				INFOPLIST_KEY_CFBundleDisplayName = Tabstract;
				INFOPLIST_KEY_NSHumanReadableCopyright = "";
				LD_RUNPATH_SEARCH_PATHS = (
					"$(inherited)",
					"@executable_path/../Frameworks",
					"@executable_path/../../../../Frameworks",
				);
				MACOSX_DEPLOYMENT_TARGET = 12.0;
				MARKETING_VERSION = 3.3;
				OTHER_LDFLAGS = (
					"-framework",
					SafariServices,
					"-framework",
					CloudKit,
				);
				PRODUCT_BUNDLE_IDENTIFIER = com.paulmaiorana.Tabstract.Extension;
				PRODUCT_NAME = "$(TARGET_NAME)";
				SKIP_INSTALL = YES;
				SWIFT_EMIT_LOC_STRINGS = YES;
				SWIFT_VERSION = 5.0;
			};
			name = Debug;
		};
		20206F8B2D8904F700E04710 /* Release */ = {
			isa = XCBuildConfiguration;
			buildSettings = {
				CODE_SIGN_ENTITLEMENTS = "Tabstract Extension/Tabstract_Extension.entitlements";
				CODE_SIGN_STYLE = Automatic;
				CURRENT_PROJECT_VERSION = 30;
				DEAD_CODE_STRIPPING = YES;
				ENABLE_APP_SANDBOX = YES;
				ENABLE_HARDENED_RUNTIME = YES;
				ENABLE_USER_SELECTED_FILES = readonly;
				GENERATE_INFOPLIST_FILE = YES;
				INFOPLIST_FILE = "Tabstract Extension/Info.plist";
				INFOPLIST_KEY_CFBundleDisplayName = Tabstract;
				INFOPLIST_KEY_NSHumanReadableCopyright = "";
				LD_RUNPATH_SEARCH_PATHS = (
					"$(inherited)",
					"@executable_path/../Frameworks",
					"@executable_path/../../../../Frameworks",
				);
				MACOSX_DEPLOYMENT_TARGET = 12.0;
				MARKETING_VERSION = 3.3;
				OTHER_LDFLAGS = (
					"-framework",
					SafariServices,
					"-framework",
					CloudKit,
				);
				PRODUCT_BUNDLE_IDENTIFIER = com.paulmaiorana.Tabstract.Extension;
				PRODUCT_NAME = "$(TARGET_NAME)";
				SKIP_INSTALL = YES;
				SWIFT_EMIT_LOC_STRINGS = YES;
				SWIFT_VERSION = 5.0;
			};
			name = Release;
		};
		20206F8C2D8904F700E04710 /* Debug */ = {
			isa = XCBuildConfiguration;
			buildSettings = {
				ALWAYS_SEARCH_USER_PATHS = NO;
				ASSETCATALOG_COMPILER_GENERATE_SWIFT_ASSET_SYMBOL_EXTENSIONS = YES;
				CLANG_ANALYZER_LOCALIZABILITY_NONLOCALIZED = YES;
				CLANG_ANALYZER_NONNULL = YES;
				CLANG_ANALYZER_NUMBER_OBJECT_CONVERSION = YES_AGGRESSIVE;
				CLANG_CXX_LANGUAGE_STANDARD = "gnu++20";
				CLANG_ENABLE_MODULES = YES;
				CLANG_ENABLE_OBJC_ARC = YES;
				CLANG_ENABLE_OBJC_WEAK = YES;
				CLANG_WARN_BLOCK_CAPTURE_AUTORELEASING = YES;
				CLANG_WARN_BOOL_CONVERSION = YES;
				CLANG_WARN_COMMA = YES;
				CLANG_WARN_CONSTANT_CONVERSION = YES;
				CLANG_WARN_DEPRECATED_OBJC_IMPLEMENTATIONS = YES;
				CLANG_WARN_DIRECT_OBJC_ISA_USAGE = YES_ERROR;
				CLANG_WARN_DOCUMENTATION_COMMENTS = YES;
				CLANG_WARN_EMPTY_BODY = YES;
				CLANG_WARN_ENUM_CONVERSION = YES;
				CLANG_WARN_INFINITE_RECURSION = YES;
				CLANG_WARN_INT_CONVERSION = YES;
				CLANG_WARN_NON_LITERAL_NULL_CONVERSION = YES;
				CLANG_WARN_OBJC_IMPLICIT_RETAIN_SELF = YES;
				CLANG_WARN_OBJC_LITERAL_CONVERSION = YES;
				CLANG_WARN_OBJC_ROOT_CLASS = YES_ERROR;
				CLANG_WARN_QUOTED_INCLUDE_IN_FRAMEWORK_HEADER = YES;
				CLANG_WARN_RANGE_LOOP_ANALYSIS = YES;
				CLANG_WARN_STRICT_PROTOTYPES = YES;
				CLANG_WARN_SUSPICIOUS_MOVE = YES;
				CLANG_WARN_UNGUARDED_AVAILABILITY = YES_AGGRESSIVE;
				CLANG_WARN_UNREACHABLE_CODE = YES;
				CLANG_WARN__DUPLICATE_METHOD_MATCH = YES;
				COPY_PHASE_STRIP = NO;
				DEAD_CODE_STRIPPING = YES;
				DEBUG_INFORMATION_FORMAT = dwarf;
				DEVELOPMENT_TEAM = 84HBFJDM48;
				ENABLE_STRICT_OBJC_MSGSEND = YES;
				ENABLE_TESTABILITY = YES;
				ENABLE_USER_SCRIPT_SANDBOXING = YES;
				GCC_C_LANGUAGE_STANDARD = gnu17;
				GCC_DYNAMIC_NO_PIC = NO;
				GCC_NO_COMMON_BLOCKS = YES;
				GCC_OPTIMIZATION_LEVEL = 0;
				GCC_PREPROCESSOR_DEFINITIONS = (
					"DEBUG=1",
					"$(inherited)",
				);
				GCC_WARN_64_TO_32_BIT_CONVERSION = YES;
				GCC_WARN_ABOUT_RETURN_TYPE = YES_ERROR;
				GCC_WARN_UNDECLARED_SELECTOR = YES;
				GCC_WARN_UNINITIALIZED_AUTOS = YES_AGGRESSIVE;
				GCC_WARN_UNUSED_FUNCTION = YES;
				GCC_WARN_UNUSED_VARIABLE = YES;
				LOCALIZATION_PREFERS_STRING_CATALOGS = YES;
				MACOSX_DEPLOYMENT_TARGET = 15.2;
				MTL_ENABLE_DEBUG_INFO = INCLUDE_SOURCE;
				MTL_FAST_MATH = YES;
				ONLY_ACTIVE_ARCH = YES;
				SDKROOT = macosx;
				STRING_CATALOG_GENERATE_SYMBOLS = YES;
				SWIFT_ACTIVE_COMPILATION_CONDITIONS = "DEBUG $(inherited)";
				SWIFT_OPTIMIZATION_LEVEL = "-Onone";
			};
			name = Debug;
		};
		20206F8D2D8904F700E04710 /* Release */ = {
			isa = XCBuildConfiguration;
			buildSettings = {
				ALWAYS_SEARCH_USER_PATHS = NO;
				ASSETCATALOG_COMPILER_GENERATE_SWIFT_ASSET_SYMBOL_EXTENSIONS = YES;
				CLANG_ANALYZER_LOCALIZABILITY_NONLOCALIZED = YES;
				CLANG_ANALYZER_NONNULL = YES;
				CLANG_ANALYZER_NUMBER_OBJECT_CONVERSION = YES_AGGRESSIVE;
				CLANG_CXX_LANGUAGE_STANDARD = "gnu++20";
				CLANG_ENABLE_MODULES = YES;
				CLANG_ENABLE_OBJC_ARC = YES;
				CLANG_ENABLE_OBJC_WEAK = YES;
				CLANG_WARN_BLOCK_CAPTURE_AUTORELEASING = YES;
				CLANG_WARN_BOOL_CONVERSION = YES;
				CLANG_WARN_COMMA = YES;
				CLANG_WARN_CONSTANT_CONVERSION = YES;
				CLANG_WARN_DEPRECATED_OBJC_IMPLEMENTATIONS = YES;
				CLANG_WARN_DIRECT_OBJC_ISA_USAGE = YES_ERROR;
				CLANG_WARN_DOCUMENTATION_COMMENTS = YES;
				CLANG_WARN_EMPTY_BODY = YES;
				CLANG_WARN_ENUM_CONVERSION = YES;
				CLANG_WARN_INFINITE_RECURSION = YES;
				CLANG_WARN_INT_CONVERSION = YES;
				CLANG_WARN_NON_LITERAL_NULL_CONVERSION = YES;
				CLANG_WARN_OBJC_IMPLICIT_RETAIN_SELF = YES;
				CLANG_WARN_OBJC_LITERAL_CONVERSION = YES;
				CLANG_WARN_OBJC_ROOT_CLASS = YES_ERROR;
				CLANG_WARN_QUOTED_INCLUDE_IN_FRAMEWORK_HEADER = YES;
				CLANG_WARN_RANGE_LOOP_ANALYSIS = YES;
				CLANG_WARN_STRICT_PROTOTYPES = YES;
				CLANG_WARN_SUSPICIOUS_MOVE = YES;
				CLANG_WARN_UNGUARDED_AVAILABILITY = YES_AGGRESSIVE;
				CLANG_WARN_UNREACHABLE_CODE = YES;
				CLANG_WARN__DUPLICATE_METHOD_MATCH = YES;
				COPY_PHASE_STRIP = NO;
				DEAD_CODE_STRIPPING = YES;
				DEBUG_INFORMATION_FORMAT = "dwarf-with-dsym";
				DEVELOPMENT_TEAM = 84HBFJDM48;
				ENABLE_NS_ASSERTIONS = NO;
				ENABLE_STRICT_OBJC_MSGSEND = YES;
				ENABLE_USER_SCRIPT_SANDBOXING = YES;
				GCC_C_LANGUAGE_STANDARD = gnu17;
				GCC_NO_COMMON_BLOCKS = YES;
				GCC_WARN_64_TO_32_BIT_CONVERSION = YES;
				GCC_WARN_ABOUT_RETURN_TYPE = YES_ERROR;
				GCC_WARN_UNDECLARED_SELECTOR = YES;
				GCC_WARN_UNINITIALIZED_AUTOS = YES_AGGRESSIVE;
				GCC_WARN_UNUSED_FUNCTION = YES;
				GCC_WARN_UNUSED_VARIABLE = YES;
				LOCALIZATION_PREFERS_STRING_CATALOGS = YES;
				MACOSX_DEPLOYMENT_TARGET = 15.2;
				MTL_ENABLE_DEBUG_INFO = NO;
				MTL_FAST_MATH = YES;
				SDKROOT = macosx;
				STRING_CATALOG_GENERATE_SYMBOLS = YES;
				SWIFT_COMPILATION_MODE = wholemodule;
			};
			name = Release;
		};
		20206F902D8904F700E04710 /* Debug */ = {
			isa = XCBuildConfiguration;
			buildSettings = {
				ASSETCATALOG_COMPILER_APPICON_NAME = AppIcon;
				ASSETCATALOG_COMPILER_GLOBAL_ACCENT_COLOR_NAME = AccentColor;
				AUTOMATION_APPLE_EVENTS = NO;
				CODE_SIGN_ENTITLEMENTS = Tabstract/Tabstract.entitlements;
				CODE_SIGN_STYLE = Automatic;
				COMBINE_HIDPI_IMAGES = YES;
				CURRENT_PROJECT_VERSION = 30;
				DEAD_CODE_STRIPPING = YES;
				ENABLE_APP_SANDBOX = YES;
				ENABLE_HARDENED_RUNTIME = NO;
				ENABLE_OUTGOING_NETWORK_CONNECTIONS = YES;
				ENABLE_RESOURCE_ACCESS_AUDIO_INPUT = NO;
				ENABLE_RESOURCE_ACCESS_CALENDARS = NO;
				ENABLE_RESOURCE_ACCESS_CAMERA = NO;
				ENABLE_RESOURCE_ACCESS_CONTACTS = NO;
				ENABLE_RESOURCE_ACCESS_LOCATION = NO;
				ENABLE_RESOURCE_ACCESS_PHOTO_LIBRARY = NO;
				ENABLE_USER_SELECTED_FILES = readonly;
				GENERATE_INFOPLIST_FILE = YES;
				INFOPLIST_KEY_CFBundleDisplayName = Tabstract;
				INFOPLIST_KEY_LSApplicationCategoryType = "public.app-category.productivity";
				INFOPLIST_KEY_NSHumanReadableCopyright = "";
				INFOPLIST_KEY_NSMainStoryboardFile = Main;
				INFOPLIST_KEY_NSPrincipalClass = NSApplication;
				LD_RUNPATH_SEARCH_PATHS = (
					"$(inherited)",
					"@executable_path/../Frameworks",
				);
				MACOSX_DEPLOYMENT_TARGET = 12.0;
				MARKETING_VERSION = 3.3;
				OTHER_LDFLAGS = (
					"-framework",
					SafariServices,
					"-framework",
					WebKit,
				);
				PRODUCT_BUNDLE_IDENTIFIER = com.paulmaiorana.Tabstract;
				PRODUCT_NAME = "$(TARGET_NAME)";
				RUNTIME_EXCEPTION_ALLOW_DYLD_ENVIRONMENT_VARIABLES = NO;
				RUNTIME_EXCEPTION_ALLOW_JIT = NO;
				RUNTIME_EXCEPTION_ALLOW_UNSIGNED_EXECUTABLE_MEMORY = NO;
				RUNTIME_EXCEPTION_DEBUGGING_TOOL = NO;
				RUNTIME_EXCEPTION_DISABLE_EXECUTABLE_PAGE_PROTECTION = NO;
				RUNTIME_EXCEPTION_DISABLE_LIBRARY_VALIDATION = NO;
				SWIFT_EMIT_LOC_STRINGS = YES;
				SWIFT_VERSION = 5.0;
			};
			name = Debug;
		};
		20206F912D8904F700E04710 /* Release */ = {
			isa = XCBuildConfiguration;
			buildSettings = {
				ASSETCATALOG_COMPILER_APPICON_NAME = AppIcon;
				ASSETCATALOG_COMPILER_GLOBAL_ACCENT_COLOR_NAME = AccentColor;
				AUTOMATION_APPLE_EVENTS = NO;
				CODE_SIGN_ENTITLEMENTS = Tabstract/Tabstract.entitlements;
				CODE_SIGN_STYLE = Automatic;
				COMBINE_HIDPI_IMAGES = YES;
				CURRENT_PROJECT_VERSION = 30;
				DEAD_CODE_STRIPPING = YES;
				DEVELOPMENT_TEAM = 84HBFJDM48;
				ENABLE_APP_SANDBOX = YES;
				ENABLE_HARDENED_RUNTIME = NO;
				ENABLE_OUTGOING_NETWORK_CONNECTIONS = YES;
				ENABLE_RESOURCE_ACCESS_AUDIO_INPUT = NO;
				ENABLE_RESOURCE_ACCESS_CALENDARS = NO;
				ENABLE_RESOURCE_ACCESS_CAMERA = NO;
				ENABLE_RESOURCE_ACCESS_CONTACTS = NO;
				ENABLE_RESOURCE_ACCESS_LOCATION = NO;
				ENABLE_RESOURCE_ACCESS_PHOTO_LIBRARY = NO;
				ENABLE_USER_SELECTED_FILES = readonly;
				GENERATE_INFOPLIST_FILE = YES;
				INFOPLIST_KEY_CFBundleDisplayName = Tabstract;
				INFOPLIST_KEY_LSApplicationCategoryType = "public.app-category.productivity";
				INFOPLIST_KEY_NSHumanReadableCopyright = "";
				INFOPLIST_KEY_NSMainStoryboardFile = Main;
				INFOPLIST_KEY_NSPrincipalClass = NSApplication;
				LD_RUNPATH_SEARCH_PATHS = (
					"$(inherited)",
					"@executable_path/../Frameworks",
				);
				MACOSX_DEPLOYMENT_TARGET = 12.0;
				MARKETING_VERSION = 3.3;
				OTHER_LDFLAGS = (
					"-framework",
					SafariServices,
					"-framework",
					WebKit,
				);
				PRODUCT_BUNDLE_IDENTIFIER = com.paulmaiorana.Tabstract;
				PRODUCT_NAME = "$(TARGET_NAME)";
				RUNTIME_EXCEPTION_ALLOW_DYLD_ENVIRONMENT_VARIABLES = NO;
				RUNTIME_EXCEPTION_ALLOW_JIT = NO;
				RUNTIME_EXCEPTION_ALLOW_UNSIGNED_EXECUTABLE_MEMORY = NO;
				RUNTIME_EXCEPTION_DEBUGGING_TOOL = NO;
				RUNTIME_EXCEPTION_DISABLE_EXECUTABLE_PAGE_PROTECTION = NO;
				RUNTIME_EXCEPTION_DISABLE_LIBRARY_VALIDATION = NO;
				SWIFT_EMIT_LOC_STRINGS = YES;
				SWIFT_VERSION = 5.0;
			};
			name = Release;
		};
		203C84D32F5B8D05003112A8 /* Debug */ = {
			isa = XCBuildConfiguration;
			buildSettings = {
				CODE_SIGN_ENTITLEMENTS = "Tabstract iOS Extension/Tabstract iOS Extension.entitlements";
				CODE_SIGN_STYLE = Automatic;
				CURRENT_PROJECT_VERSION = 1;
				DEVELOPMENT_TEAM = 84HBFJDM48;
				GENERATE_INFOPLIST_FILE = YES;
				INFOPLIST_FILE = "Tabstract iOS Extension/Info.plist";
				INFOPLIST_KEY_CFBundleDisplayName = Tabstract;
				INFOPLIST_KEY_NSHumanReadableCopyright = "";
				IPHONEOS_DEPLOYMENT_TARGET = 16;
				LD_RUNPATH_SEARCH_PATHS = (
					"$(inherited)",
					"@executable_path/Frameworks",
					"@executable_path/../../Frameworks",
				);
				MARKETING_VERSION = 3.3;
				OTHER_LDFLAGS = (
					"-framework",
					SafariServices,
				);
				PRODUCT_BUNDLE_IDENTIFIER = "com.paulmaiorana.Tabstract-iOS.Extension";
				PRODUCT_NAME = "$(TARGET_NAME)";
				SDKROOT = iphoneos;
				SKIP_INSTALL = YES;
				STRING_CATALOG_GENERATE_SYMBOLS = YES;
				SUPPORTED_PLATFORMS = "iphoneos iphonesimulator";
				SUPPORTS_MACCATALYST = NO;
				SUPPORTS_MAC_DESIGNED_FOR_IPHONE_IPAD = NO;
				SUPPORTS_XR_DESIGNED_FOR_IPHONE_IPAD = NO;
				SWIFT_APPROACHABLE_CONCURRENCY = YES;
				SWIFT_EMIT_LOC_STRINGS = YES;
				SWIFT_UPCOMING_FEATURE_MEMBER_IMPORT_VISIBILITY = YES;
				SWIFT_VERSION = 5.0;
				TARGETED_DEVICE_FAMILY = "1,2";
			};
			name = Debug;
		};
		203C84D42F5B8D05003112A8 /* Release */ = {
			isa = XCBuildConfiguration;
			buildSettings = {
				CODE_SIGN_ENTITLEMENTS = "Tabstract iOS Extension/Tabstract iOS Extension.entitlements";
				CODE_SIGN_STYLE = Automatic;
				CURRENT_PROJECT_VERSION = 1;
				DEVELOPMENT_TEAM = 84HBFJDM48;
				GENERATE_INFOPLIST_FILE = YES;
				INFOPLIST_FILE = "Tabstract iOS Extension/Info.plist";
				INFOPLIST_KEY_CFBundleDisplayName = Tabstract;
				INFOPLIST_KEY_NSHumanReadableCopyright = "";
				IPHONEOS_DEPLOYMENT_TARGET = 16;
				LD_RUNPATH_SEARCH_PATHS = (
					"$(inherited)",
					"@executable_path/Frameworks",
					"@executable_path/../../Frameworks",
				);
				MARKETING_VERSION = 3.3;
				OTHER_LDFLAGS = (
					"-framework",
					SafariServices,
				);
				PRODUCT_BUNDLE_IDENTIFIER = "com.paulmaiorana.Tabstract-iOS.Extension";
				PRODUCT_NAME = "$(TARGET_NAME)";
				SDKROOT = iphoneos;
				SKIP_INSTALL = YES;
				STRING_CATALOG_GENERATE_SYMBOLS = YES;
				SUPPORTED_PLATFORMS = "iphoneos iphonesimulator";
				SUPPORTS_MACCATALYST = NO;
				SUPPORTS_MAC_DESIGNED_FOR_IPHONE_IPAD = NO;
				SUPPORTS_XR_DESIGNED_FOR_IPHONE_IPAD = NO;
				SWIFT_APPROACHABLE_CONCURRENCY = YES;
				SWIFT_EMIT_LOC_STRINGS = YES;
				SWIFT_UPCOMING_FEATURE_MEMBER_IMPORT_VISIBILITY = YES;
				SWIFT_VERSION = 5.0;
				TARGETED_DEVICE_FAMILY = "1,2";
				VALIDATE_PRODUCT = YES;
			};
			name = Release;
		};
		203C84D82F5B8D05003112A8 /* Debug */ = {
			isa = XCBuildConfiguration;
			buildSettings = {
				ASSETCATALOG_COMPILER_APPICON_NAME = AppIcon;
				ASSETCATALOG_COMPILER_GLOBAL_ACCENT_COLOR_NAME = AccentColor;
				CODE_SIGN_ENTITLEMENTS = "Tabstract iOS/Tabstract_iOS.entitlements";
				CODE_SIGN_STYLE = Automatic;
				CURRENT_PROJECT_VERSION = 1;
				DEVELOPMENT_TEAM = 84HBFJDM48;
				GENERATE_INFOPLIST_FILE = YES;
				INFOPLIST_FILE = "Tabstract iOS/Info.plist";
				INFOPLIST_KEY_CFBundleDisplayName = Tabstract;
				INFOPLIST_KEY_UIApplicationSupportsIndirectInputEvents = YES;
				INFOPLIST_KEY_UISupportedInterfaceOrientations_iPad = "UIInterfaceOrientationPortrait UIInterfaceOrientationPortraitUpsideDown UIInterfaceOrientationLandscapeLeft UIInterfaceOrientationLandscapeRight";
				INFOPLIST_KEY_UISupportedInterfaceOrientations_iPhone = "UIInterfaceOrientationPortrait UIInterfaceOrientationLandscapeLeft UIInterfaceOrientationLandscapeRight";
				IPHONEOS_DEPLOYMENT_TARGET = 16;
				LD_RUNPATH_SEARCH_PATHS = (
					"$(inherited)",
					"@executable_path/Frameworks",
				);
				MARKETING_VERSION = 3.3;
				OTHER_LDFLAGS = (
					"-framework",
					SafariServices,
					"-framework",
					WebKit,
				);
				PRODUCT_BUNDLE_IDENTIFIER = "com.paulmaiorana.Tabstract-iOS";
				PRODUCT_NAME = "$(TARGET_NAME)";
				SDKROOT = iphoneos;
				STRING_CATALOG_GENERATE_SYMBOLS = YES;
				SUPPORTED_PLATFORMS = "iphoneos iphonesimulator";
				SUPPORTS_MACCATALYST = NO;
				SUPPORTS_MAC_DESIGNED_FOR_IPHONE_IPAD = NO;
				SUPPORTS_XR_DESIGNED_FOR_IPHONE_IPAD = NO;
				SWIFT_APPROACHABLE_CONCURRENCY = YES;
				SWIFT_DEFAULT_ACTOR_ISOLATION = MainActor;
				SWIFT_EMIT_LOC_STRINGS = YES;
				SWIFT_UPCOMING_FEATURE_MEMBER_IMPORT_VISIBILITY = YES;
				SWIFT_VERSION = 5.0;
				TARGETED_DEVICE_FAMILY = "1,2";
			};
			name = Debug;
		};
		203C84D92F5B8D05003112A8 /* Release */ = {
			isa = XCBuildConfiguration;
			buildSettings = {
				ASSETCATALOG_COMPILER_APPICON_NAME = AppIcon;
				ASSETCATALOG_COMPILER_GLOBAL_ACCENT_COLOR_NAME = AccentColor;
				CODE_SIGN_ENTITLEMENTS = "Tabstract iOS/Tabstract_iOS.entitlements";
				CODE_SIGN_STYLE = Automatic;
				CURRENT_PROJECT_VERSION = 1;
				DEVELOPMENT_TEAM = 84HBFJDM48;
				GENERATE_INFOPLIST_FILE = YES;
				INFOPLIST_FILE = "Tabstract iOS/Info.plist";
				INFOPLIST_KEY_CFBundleDisplayName = Tabstract;
				INFOPLIST_KEY_UIApplicationSupportsIndirectInputEvents = YES;
				INFOPLIST_KEY_UISupportedInterfaceOrientations_iPad = "UIInterfaceOrientationPortrait UIInterfaceOrientationPortraitUpsideDown UIInterfaceOrientationLandscapeLeft UIInterfaceOrientationLandscapeRight";
				INFOPLIST_KEY_UISupportedInterfaceOrientations_iPhone = "UIInterfaceOrientationPortrait UIInterfaceOrientationLandscapeLeft UIInterfaceOrientationLandscapeRight";
				IPHONEOS_DEPLOYMENT_TARGET = 16;
				LD_RUNPATH_SEARCH_PATHS = (
					"$(inherited)",
					"@executable_path/Frameworks",
				);
				MARKETING_VERSION = 3.3;
				OTHER_LDFLAGS = (
					"-framework",
					SafariServices,
					"-framework",
					WebKit,
				);
				PRODUCT_BUNDLE_IDENTIFIER = "com.paulmaiorana.Tabstract-iOS";
				PRODUCT_NAME = "$(TARGET_NAME)";
				SDKROOT = iphoneos;
				STRING_CATALOG_GENERATE_SYMBOLS = YES;
				SUPPORTED_PLATFORMS = "iphoneos iphonesimulator";
				SUPPORTS_MACCATALYST = NO;
				SUPPORTS_MAC_DESIGNED_FOR_IPHONE_IPAD = NO;
				SUPPORTS_XR_DESIGNED_FOR_IPHONE_IPAD = NO;
				SWIFT_APPROACHABLE_CONCURRENCY = YES;
				SWIFT_DEFAULT_ACTOR_ISOLATION = MainActor;
				SWIFT_EMIT_LOC_STRINGS = YES;
				SWIFT_UPCOMING_FEATURE_MEMBER_IMPORT_VISIBILITY = YES;
				SWIFT_VERSION = 5.0;
				TARGETED_DEVICE_FAMILY = "1,2";
				VALIDATE_PRODUCT = YES;
			};
			name = Release;
		};
/* End XCBuildConfiguration section */

/* Begin XCConfigurationList section */
		20206F4D2D8904F600E04710 /* Build configuration list for PBXProject "Tabstract" */ = {
			isa = XCConfigurationList;
			buildConfigurations = (
				20206F8C2D8904F700E04710 /* Debug */,
				20206F8D2D8904F700E04710 /* Release */,
			);
			defaultConfigurationIsVisible = 0;
			defaultConfigurationName = Release;
		};
		20206F892D8904F700E04710 /* Build configuration list for PBXNativeTarget "Tabstract Extension" */ = {
			isa = XCConfigurationList;
			buildConfigurations = (
				20206F8A2D8904F700E04710 /* Debug */,
				20206F8B2D8904F700E04710 /* Release */,
			);
			defaultConfigurationIsVisible = 0;
			defaultConfigurationName = Release;
		};
		20206F8F2D8904F700E04710 /* Build configuration list for PBXNativeTarget "Tabstract" */ = {
			isa = XCConfigurationList;
			buildConfigurations = (
				20206F902D8904F700E04710 /* Debug */,
				20206F912D8904F700E04710 /* Release */,
			);
			defaultConfigurationIsVisible = 0;
			defaultConfigurationName = Release;
		};
		203C84D22F5B8D05003112A8 /* Build configuration list for PBXNativeTarget "Tabstract iOS Extension" */ = {
			isa = XCConfigurationList;
			buildConfigurations = (
				203C84D32F5B8D05003112A8 /* Debug */,
				203C84D42F5B8D05003112A8 /* Release */,
			);
			defaultConfigurationIsVisible = 0;
			defaultConfigurationName = Release;
		};
		203C84D72F5B8D05003112A8 /* Build configuration list for PBXNativeTarget "Tabstract iOS" */ = {
			isa = XCConfigurationList;
			buildConfigurations = (
				203C84D82F5B8D05003112A8 /* Debug */,
				203C84D92F5B8D05003112A8 /* Release */,
			);
			defaultConfigurationIsVisible = 0;
			defaultConfigurationName = Release;
		};
/* End XCConfigurationList section */
	};
	rootObject = 20206F4A2D8904F600E04710 /* Project object */;
}
